PODS:
  - Alamofire (4.5.1)
  - Bolts (1.8.4):
    - Bolts/AppLinks (= 1.8.4)
    - Bolts/Tasks (= 1.8.4)
  - Bolts/AppLinks (1.8.4):
    - Bolts/Tasks
  - Bolts/Tasks (1.8.4)
  - DGElasticPullToRefresh (1.1)
  - FacebookCore (0.2.0):
    - Bolts (~> 1.8)
    - FBSDKCoreKit (~> 4.15)
  - FacebookLogin (0.2.0):
    - Bolts (~> 1.8)
    - FacebookCore (~> 0.2)
    - FBSDKCoreKit (~> 4.15)
    - FBSDKLoginKit (~> 4.15)
  - FBSDKCoreKit (4.26.0):
    - Bolts (~> 1.7)
  - FBSDKLoginKit (4.26.0):
    - FBSDKCoreKit
  - NVActivityIndicatorView (3.7.0):
    - NVActivityIndicatorView/Presenter (= 3.7.0)
  - NVActivityIndicatorView/Presenter (3.7.0)
  - PureLayout (3.0.2)
  - SnapSliderFilters (2.0)
  - SwiftyCam (2.6.0)

DEPENDENCIES:
  - Alamofire
  - DGElasticPullToRefresh
  - FacebookLogin
  - FBSDKLoginKit
  - NVActivityIndicatorView
  - PureLayout (~> 3.0.1)
  - SnapSliderFilters
  - SwiftyCam

SPEC REPOS:
  https://github.com/CocoaPods/Specs.git:
    - Alamofire
    - Bolts
    - DGElasticPullToRefresh
    - FacebookCore
    - FacebookLogin
    - FBSDKCoreKit
    - FBSDKLoginKit
    - NVActivityIndicatorView
    - PureLayout
    - SnapSliderFilters
    - SwiftyCam

SPEC CHECKSUMS:
  Alamofire: 2d95912bf4c34f164fdfc335872e8c312acaea4a
  Bolts: 8a7995239dbe724f9cba2248b766d48b7ebdd322
  DGElasticPullToRefresh: 28f11a6026302a90f8ffebbc6e24748e584dddd3
  FacebookCore: 2cb3f0fbff218e9d3119cec84bae983b232412de
  FacebookLogin: c9d606504735780a9e3002465a615512e0a691a5
  FBSDKCoreKit: c8b8582311ec11b145451d8b9717dc6cc2ae5a76
  FBSDKLoginKit: f3f03b94c21eb834af243c0a881d48641f47ca60
  NVActivityIndicatorView: d3738df7e2e476aca0ba6bf32a8c9fbcfc33d64b
  PureLayout: 4d550abe49a94f24c2808b9b95db9131685fe4cd
  SnapSliderFilters: 7f571683b05cf70b8d398e4a0e45691bd9f03a33
  SwiftyCam: 86c114177a1b1f5dc2c82384577d0c20b922a31b

PODFILE CHECKSUM: ccf54c527fbc6d8e8272e2fddb7fdd045bfe9171

COCOAPODS: 1.5.0
